
Microsoft Visual Studio Solution File, Format Version 12.00
# Visual Studio Version 17
VisualStudioVersion = 17.2.32616.157
MinimumVisualStudioVersion = 10.0.40219.1
Project("{9A19103F-16F7-4668-BE54-9A1E7A4F7556}") = "TradeApp.Console", "TradeApp\TradeApp.Console.csproj", "{8C577E38-DA75-4E45-A4E2-6A1BCD2935DF}"
EndProject
Project("{9A19103F-16F7-4668-BE54-9A1E7A4F7556}") = "TradeApp.Domain", "TradeApp.Domain\TradeApp.Domain.csproj", "{1A142621-4981-4F0D-9EBD-E9EE01A1575A}"
EndProject
Global
	GlobalSection(SolutionConfigurationPlatforms) = preSolution
		Debug|Any CPU = Debug|Any CPU
		Release|Any CPU = Release|Any CPU
	EndGlobalSection
	GlobalSection(ProjectConfigurationPlatforms) = postSolution
		{8C577E38-DA75-4E45-A4E2-6A1BCD2935DF}.Debug|Any CPU.ActiveCfg = Debug|Any CPU
		{8C577E38-DA75-4E45-A4E2-6A1BCD2935DF}.Debug|Any CPU.Build.0 = Debug|Any CPU
		{8C577E38-DA75-4E45-A4E2-6A1BCD2935DF}.Release|Any CPU.ActiveCfg = Release|Any CPU
		{8C577E38-DA75-4E45-A4E2-6A1BCD2935DF}.Release|Any CPU.Build.0 = Release|Any CPU
		{1A142621-4981-4F0D-9EBD-E9EE01A1575A}.Debug|Any CPU.ActiveCfg = Debug|Any CPU
		{1A142621-4981-4F0D-9EBD-E9EE01A1575A}.Debug|Any CPU.Build.0 = Debug|Any CPU
		{1A142621-4981-4F0D-9EBD-E9EE01A1575A}.Release|Any CPU.ActiveCfg = Release|Any CPU
		{1A142621-4981-4F0D-9EBD-E9EE01A1575A}.Release|Any CPU.Build.0 = Release|Any CPU
	EndGlobalSection
	GlobalSection(SolutionProperties) = preSolution
		HideSolutionNode = FALSE
	EndGlobalSection
	GlobalSection(ExtensibilityGlobals) = postSolution
		SolutionGuid = {CE9F9159-DCE5-4899-9DE9-81D33DBD9E2F}
	EndGlobalSection
EndGlobal
